Microsoft Visual Studio Solution File, Format Version 12.00
# Visual Studio Version 17
VisualStudioVersion = 17.5.2.0
MinimumVisualStudioVersion = 10.0.40219.1
Project("{2150E333-8FDC-42A3-9474-1A3956D46DE8}") = "backend", "backend", "{1AE8ACA6-933B-BF2A-3671-3E2EAC007D16}"
EndProject
Project("{FAE04EC0-301F-11D3-BF4B-00C04F79EFBC}") = "DevOpsCopilot.Functions", "backend\DevOpsCopilot.Functions.csproj", "{1726E67F-D211-060C-ACEA-42FB4D94EC03}"
EndProject
Project("{2150E333-8FDC-42A3-9474-1A3956D46DE8}") = "Tests", "Tests", "{F57642F3-C37C-D174-720E-6A6AAD5BEE22}"
EndProject
Project("{FAE04EC0-301F-11D3-BF4B-00C04F79EFBC}") = "DevOpsCopilot.Tests", "backend\Tests\DevOpsCopilot.Tests.csproj", "{7938B986-5D04-3C86-5C25-50441E803EE1}"
EndProject
Global
	GlobalSection(SolutionConfigurationPlatforms) = preSolution
		Debug|Any CPU = Debug|Any CPU
		Release|Any CPU = Release|Any CPU
	EndGlobalSection
	GlobalSection(ProjectConfigurationPlatforms) = postSolution
		{1726E67F-D211-060C-ACEA-42FB4D94EC03}.Debug|Any CPU.ActiveCfg = Debug|Any CPU
		{1726E67F-D211-060C-ACEA-42FB4D94EC03}.Debug|Any CPU.Build.0 = Debug|Any CPU
		{1726E67F-D211-060C-ACEA-42FB4D94EC03}.Release|Any CPU.ActiveCfg = Release|Any CPU
		{1726E67F-D211-060C-ACEA-42FB4D94EC03}.Release|Any CPU.Build.0 = Release|Any CPU
		{7938B986-5D04-3C86-5C25-50441E803EE1}.Debug|Any CPU.ActiveCfg = Debug|Any CPU
		{7938B986-5D04-3C86-5C25-50441E803EE1}.Debug|Any CPU.Build.0 = Debug|Any CPU
		{7938B986-5D04-3C86-5C25-50441E803EE1}.Release|Any CPU.ActiveCfg = Release|Any CPU
		{7938B986-5D04-3C86-5C25-50441E803EE1}.Release|Any CPU.Build.0 = Release|Any CPU
	EndGlobalSection
	GlobalSection(SolutionProperties) = preSolution
		HideSolutionNode = FALSE
	EndGlobalSection
	GlobalSection(NestedProjects) = preSolution
		{1726E67F-D211-060C-ACEA-42FB4D94EC03} = {1AE8ACA6-933B-BF2A-3671-3E2EAC007D16}
		{F57642F3-C37C-D174-720E-6A6AAD5BEE22} = {1AE8ACA6-933B-BF2A-3671-3E2EAC007D16}
		{7938B986-5D04-3C86-5C25-50441E803EE1} = {F57642F3-C37C-D174-720E-6A6AAD5BEE22}
	EndGlobalSection
	GlobalSection(ExtensibilityGlobals) = postSolution
		SolutionGuid = {46B39220-8136-4EFD-BB25-973497C1C432}
	EndGlobalSection
EndGlobal
